
Microsoft Visual Studio Solution File, Format Version 12.00
# Visual Studio 15
VisualStudioVersion = 15.0.27130.2020
MinimumVisualStudioVersion = 10.0.40219.1
Project("{FAE04EC0-301F-11D3-BF4B-00C04F79EFBC}") = "FirstProject", "FirstProject\FirstProject.csproj", "{79EA614D-1CB6-4796-B8AA-050241471C4A}"
EndProject
Global
	GlobalSection(SolutionConfigurationPlatforms) = preSolution
		Debug|Any CPU = Debug|Any CPU
		Release|Any CPU = Release|Any CPU
	EndGlobalSection
	GlobalSection(ProjectConfigurationPlatforms) = postSolution
		{79EA614D-1CB6-4796-B8AA-050241471C4A}.Debug|Any CPU.ActiveCfg = Debug|Any CPU
		{79EA614D-1CB6-4796-B8AA-050241471C4A}.Debug|Any CPU.Build.0 = Debug|Any CPU
		{79EA614D-1CB6-4796-B8AA-050241471C4A}.Release|Any CPU.ActiveCfg = Release|Any CPU
		{79EA614D-1CB6-4796-B8AA-050241471C4A}.Release|Any CPU.Build.0 = Release|Any CPU
	EndGlobalSection
	GlobalSection(SolutionProperties) = preSolution
		HideSolutionNode = FALSE
	EndGlobalSection
	GlobalSection(ExtensibilityGlobals) = postSolution
		SolutionGuid = {487E45C8-87CE-4A6A-B8C1-DAD333CA7976}
	EndGlobalSection
EndGlobal
